
Microsoft Visual Studio Solution File, Format Version 12.00
# Visual Studio Version 17
VisualStudioVersion = 17.14.36623.8
MinimumVisualStudioVersion = 10.0.40219.1
Project("{FAE04EC0-301F-11D3-BF4B-00C04F79EFBC}") = "ServerObserverUtility", "ServerObserverUtility\ServerObserverUtility.csproj", "{0A92C399-32B9-45CC-B412-80D0B714668E}"
EndProject
Project("{FAE04EC0-301F-11D3-BF4B-00C04F79EFBC}") = "MetricsHelperClasses", "MetricsHelperClasses\MetricsHelperClasses.csproj", "{626B1E60-D563-4A91-A445-FF46B5860841}"
EndProject
Project("{2150E333-8FDC-42A3-9474-1A3956D46DE8}") = ".github", ".github", "{02EA681E-C7D8-13C7-8484-4AC65E1B71E8}"
EndProject
Project("{2150E333-8FDC-42A3-9474-1A3956D46DE8}") = "workflows", "workflows", "{5D88B5D0-E63A-46FE-AEB8-6EF86C14E6F0}"
	ProjectSection(SolutionItems) = preProject
		.github\workflows\deploy.yml = .github\workflows\deploy.yml
	EndProjectSection
EndProject
Global
	GlobalSection(SolutionConfigurationPlatforms) = preSolution
		Debug|Any CPU = Debug|Any CPU
		Release|Any CPU = Release|Any CPU
	EndGlobalSection
	GlobalSection(ProjectConfigurationPlatforms) = postSolution
		{0A92C399-32B9-45CC-B412-80D0B714668E}.Debug|Any CPU.ActiveCfg = Debug|Any CPU
		{0A92C399-32B9-45CC-B412-80D0B714668E}.Debug|Any CPU.Build.0 = Debug|Any CPU
		{0A92C399-32B9-45CC-B412-80D0B714668E}.Release|Any CPU.ActiveCfg = Release|Any CPU
		{0A92C399-32B9-45CC-B412-80D0B714668E}.Release|Any CPU.Build.0 = Release|Any CPU
		{626B1E60-D563-4A91-A445-FF46B5860841}.Debug|Any CPU.ActiveCfg = Debug|Any CPU
		{626B1E60-D563-4A91-A445-FF46B5860841}.Debug|Any CPU.Build.0 = Debug|Any CPU
		{626B1E60-D563-4A91-A445-FF46B5860841}.Release|Any CPU.ActiveCfg = Release|Any CPU
		{626B1E60-D563-4A91-A445-FF46B5860841}.Release|Any CPU.Build.0 = Release|Any CPU
	EndGlobalSection
	GlobalSection(SolutionProperties) = preSolution
		HideSolutionNode = FALSE
	EndGlobalSection
	GlobalSection(NestedProjects) = preSolution
		{5D88B5D0-E63A-46FE-AEB8-6EF86C14E6F0} = {02EA681E-C7D8-13C7-8484-4AC65E1B71E8}
	EndGlobalSection
	GlobalSection(ExtensibilityGlobals) = postSolution
		SolutionGuid = {230CD4E1-C170-48A5-8F46-A49903B5B506}
	EndGlobalSection
EndGlobal
